
Microsoft Visual Studio Solution File, Format Version 12.00
# Visual Studio Version 16
VisualStudioVersion = 16.0.30114.105
MinimumVisualStudioVersion = 10.0.40219.1
Project("{2150E333-8FDC-42A3-9474-1A3956D46DE8}") = "src", "src", "{8D8C66A4-5CA7-4F4D-BF95-627A9DAA62A3}"
EndProject
Project("{FAE04EC0-301F-11D3-BF4B-00C04F79EFBC}") = "SuperMediator", "src\SuperMediator\SuperMediator.csproj", "{F9EDD20B-B8F8-4914-A4A8-E6B3537DDEB6}"
EndProject
Project("{2150E333-8FDC-42A3-9474-1A3956D46DE8}") = "test", "test", "{7ECAF187-E624-4086-94DC-A085C3A52533}"
EndProject
Project("{FAE04EC0-301F-11D3-BF4B-00C04F79EFBC}") = "SuperMediator.Test", "test\SuperMediator.Test\SuperMediator.Test.csproj", "{0FFF357A-EBF5-448A-A456-46817A9CBCAB}"
EndProject
Global
	GlobalSection(SolutionConfigurationPlatforms) = preSolution
		Debug|Any CPU = Debug|Any CPU
		Debug|x64 = Debug|x64
		Debug|x86 = Debug|x86
		Release|Any CPU = Release|Any CPU
		Release|x64 = Release|x64
		Release|x86 = Release|x86
	EndGlobalSection
	GlobalSection(SolutionProperties) = preSolution
		HideSolutionNode = FALSE
	EndGlobalSection
	GlobalSection(ProjectConfigurationPlatforms) = postSolution
		{F9EDD20B-B8F8-4914-A4A8-E6B3537DDEB6}.Debug|Any CPU.ActiveCfg = Debug|Any CPU
		{F9EDD20B-B8F8-4914-A4A8-E6B3537DDEB6}.Debug|Any CPU.Build.0 = Debug|Any CPU
		{F9EDD20B-B8F8-4914-A4A8-E6B3537DDEB6}.Debug|x64.ActiveCfg = Debug|Any CPU
		{F9EDD20B-B8F8-4914-A4A8-E6B3537DDEB6}.Debug|x64.Build.0 = Debug|Any CPU
		{F9EDD20B-B8F8-4914-A4A8-E6B3537DDEB6}.Debug|x86.ActiveCfg = Debug|Any CPU
		{F9EDD20B-B8F8-4914-A4A8-E6B3537DDEB6}.Debug|x86.Build.0 = Debug|Any CPU
		{F9EDD20B-B8F8-4914-A4A8-E6B3537DDEB6}.Release|Any CPU.ActiveCfg = Release|Any CPU
		{F9EDD20B-B8F8-4914-A4A8-E6B3537DDEB6}.Release|Any CPU.Build.0 = Release|Any CPU
		{F9EDD20B-B8F8-4914-A4A8-E6B3537DDEB6}.Release|x64.ActiveCfg = Release|Any CPU
		{F9EDD20B-B8F8-4914-A4A8-E6B3537DDEB6}.Release|x64.Build.0 = Release|Any CPU
		{F9EDD20B-B8F8-4914-A4A8-E6B3537DDEB6}.Release|x86.ActiveCfg = Release|Any CPU
		{F9EDD20B-B8F8-4914-A4A8-E6B3537DDEB6}.Release|x86.Build.0 = Release|Any CPU
		{0FFF357A-EBF5-448A-A456-46817A9CBCAB}.Debug|Any CPU.ActiveCfg = Debug|Any CPU
		{0FFF357A-EBF5-448A-A456-46817A9CBCAB}.Debug|Any CPU.Build.0 = Debug|Any CPU
		{0FFF357A-EBF5-448A-A456-46817A9CBCAB}.Debug|x64.ActiveCfg = Debug|Any CPU
		{0FFF357A-EBF5-448A-A456-46817A9CBCAB}.Debug|x64.Build.0 = Debug|Any CPU
		{0FFF357A-EBF5-448A-A456-46817A9CBCAB}.Debug|x86.ActiveCfg = Debug|Any CPU
		{0FFF357A-EBF5-448A-A456-46817A9CBCAB}.Debug|x86.Build.0 = Debug|Any CPU
		{0FFF357A-EBF5-448A-A456-46817A9CBCAB}.Release|Any CPU.ActiveCfg = Release|Any CPU
		{0FFF357A-EBF5-448A-A456-46817A9CBCAB}.Release|Any CPU.Build.0 = Release|Any CPU
		{0FFF357A-EBF5-448A-A456-46817A9CBCAB}.Release|x64.ActiveCfg = Release|Any CPU
		{0FFF357A-EBF5-448A-A456-46817A9CBCAB}.Release|x64.Build.0 = Release|Any CPU
		{0FFF357A-EBF5-448A-A456-46817A9CBCAB}.Release|x86.ActiveCfg = Release|Any CPU
		{0FFF357A-EBF5-448A-A456-46817A9CBCAB}.Release|x86.Build.0 = Release|Any CPU
	EndGlobalSection
	GlobalSection(NestedProjects) = preSolution
		{F9EDD20B-B8F8-4914-A4A8-E6B3537DDEB6} = {8D8C66A4-5CA7-4F4D-BF95-627A9DAA62A3}
		{0FFF357A-EBF5-448A-A456-46817A9CBCAB} = {7ECAF187-E624-4086-94DC-A085C3A52533}
	EndGlobalSection
EndGlobal
